# Migrate Hospital Management System from MySQL to MongoDB

## Background

The current HMS backend uses **MySQL** (`mysql2/promise`) with raw SQL queries across 11 controllers, 11 route files, and a seed script. The user wants to switch to **MongoDB**. This plan replaces `mysql2` with `mongoose`, converts all SQL tables to Mongoose models, and rewrites every controller to use Mongoose queries — while keeping all API routes and response shapes identical so the frontend works without changes.

## User Review Required

> [!IMPORTANT]
> **MongoDB Connection**: The plan assumes you have MongoDB installed locally or want to use MongoDB Atlas. The default connection string will be `mongodb://localhost:27017/hms_db`. Please confirm if you want to use a different connection.

> [!WARNING]
> **Breaking Change**: The existing MySQL database and seed data will NOT be migrated automatically. After switching, you'll need to run the new MongoDB seed script to populate data. The SQL schema file will be kept for reference.

> [!IMPORTANT]  
> **ID Format Change**: MySQL uses auto-incrementing integer IDs (`1, 2, 3...`). MongoDB uses ObjectId strings (`507f1f77bcf86cd799439011`). The frontend code that references numeric IDs will still work because we pass IDs as route params, but the format of IDs will change.

## Proposed Changes

### Dependencies

#### [MODIFY] [package.json](file:///Users/raj/Desktop/Client_project/Hospital_Management/server/package.json)
- Remove `mysql2` dependency
- Add `mongoose` dependency

---

### Database Configuration

#### [MODIFY] [db.js](file:///Users/raj/Desktop/Client_project/Hospital_Management/server/config/db.js)
- Replace MySQL pool with Mongoose connection
- Connect to `mongodb://localhost:27017/hms_db` (or from `MONGO_URI` env var)
- Export the mongoose instance

#### [MODIFY] [.env](file:///Users/raj/Desktop/Client_project/Hospital_Management/server/.env)
- Replace MySQL env vars (`DB_HOST`, `DB_PORT`, `DB_USER`, `DB_PASS`, `DB_NAME`) with `MONGO_URI=mongodb://localhost:27017/hms_db`

#### [MODIFY] [.env.example](file:///Users/raj/Desktop/Client_project/Hospital_Management/server/.env.example)
- Same as above for the example file

---

### Mongoose Models (NEW)

#### [NEW] [User.js](file:///Users/raj/Desktop/Client_project/Hospital_Management/server/models/User.js)
Fields: name, email, password, role (enum), phone, avatar, isActive, lastLogin, timestamps

#### [NEW] [Department.js](file:///Users/raj/Desktop/Client_project/Hospital_Management/server/models/Department.js)
Fields: name, code (unique), description, headDoctorId (ref), isActive

#### [NEW] [Doctor.js](file:///Users/raj/Desktop/Client_project/Hospital_Management/server/models/Doctor.js)
Fields: userId (ref→User), departmentId (ref→Department), doctorId (unique string), specialization, qualification, experienceYears, consultationFee, availableDays, availableFrom, availableTo, maxPatientsPerDay, bio

#### [NEW] [Patient.js](file:///Users/raj/Desktop/Client_project/Hospital_Management/server/models/Patient.js)
Fields: userId (ref→User), patientId (unique string), dob, gender, bloodGroup, address, city, state, pincode, emergencyContact{name,phone,relation}, allergies, chronicConditions, insurance{provider,id}

#### [NEW] [Staff.js](file:///Users/raj/Desktop/Client_project/Hospital_Management/server/models/Staff.js)
Fields: userId (ref→User), departmentId (ref→Department), employeeId, designation, salary, joinDate

#### [NEW] [Appointment.js](file:///Users/raj/Desktop/Client_project/Hospital_Management/server/models/Appointment.js)
Fields: appointmentNumber, patientId (ref), doctorId (ref), appointmentDate, appointmentTime, tokenNumber, status (enum), type (enum), reason, notes, followUpDate, createdBy

#### [NEW] [MedicalRecord.js](file:///Users/raj/Desktop/Client_project/Hospital_Management/server/models/MedicalRecord.js)
Fields: patientId (ref), doctorId (ref), appointmentId (ref), visitDate, chiefComplaint, symptoms, diagnosis, treatmentPlan, vitals{bp,pulse,temp,weight,height,spo2}, followUpDate, notes

#### [NEW] [Prescription.js](file:///Users/raj/Desktop/Client_project/Hospital_Management/server/models/Prescription.js)
Fields: prescriptionNumber, medicalRecordId (ref), patientId (ref), doctorId (ref), notes, items[{medicineName, dosage, frequency, duration, instructions, quantity}]

#### [NEW] [LabTest.js](file:///Users/raj/Desktop/Client_project/Hospital_Management/server/models/LabTest.js)
Fields: testNumber, patientId (ref), doctorId (ref), testName, testType, testCategory, priority (enum), status (enum), sampleType, requestedDate, completedDate, price, notes, results[{parameterName, resultValue, referenceRange, unit, resultFile, interpretation, isAbnormal, createdBy}]

#### [NEW] [Bed.js](file:///Users/raj/Desktop/Client_project/Hospital_Management/server/models/Bed.js)
Fields: bedNumber, wardType (enum), floor, wardName, status (enum), dailyRate

#### [NEW] [BedAllocation.js](file:///Users/raj/Desktop/Client_project/Hospital_Management/server/models/BedAllocation.js)
Fields: bedId (ref), patientId (ref), admittedBy (ref), admitDate, expectedDischargeDate, actualDischargeDate, dischargeNotes, diagnosisAtAdmission, status (enum)

#### [NEW] [Medicine.js](file:///Users/raj/Desktop/Client_project/Hospital_Management/server/models/Medicine.js)
Fields: name, genericName, category (enum), manufacturer, unit, description, requiresPrescription, isActive

#### [NEW] [MedicineStock.js](file:///Users/raj/Desktop/Client_project/Hospital_Management/server/models/MedicineStock.js)
Fields: medicineId (ref), batchNumber, quantity, minStockAlert, purchasePrice, sellingPrice, expiryDate, supplier, supplierContact, addedBy (ref)

#### [NEW] [Billing.js](file:///Users/raj/Desktop/Client_project/Hospital_Management/server/models/Billing.js)
Fields: billNumber, patientId (ref), appointmentId (ref), admissionId (ref), subtotal, discountPercent, discountAmount, taxPercent, taxAmount, totalAmount, insuranceAmount, netAmount, amountPaid, balanceDue, status (enum), dueDate, notes, createdBy, items[{itemName, itemType, quantity, unitPrice, totalPrice}]

#### [NEW] [Payment.js](file:///Users/raj/Desktop/Client_project/Hospital_Management/server/models/Payment.js)
Fields: paymentNumber, billingId (ref), patientId (ref), amount, paymentMethod (enum), transactionId, referenceNumber, status (enum), paymentDate, notes, receivedBy

#### [NEW] [Notification.js](file:///Users/raj/Desktop/Client_project/Hospital_Management/server/models/Notification.js)
Fields: userId (ref), title, message, type (enum), link, isRead

---

### Controller Rewrites (11 files)

All controllers will be rewritten to use Mongoose model methods (`.find()`, `.findById()`, `.create()`, `.findByIdAndUpdate()`, `.populate()`, `.aggregate()`) instead of raw SQL. **All API response shapes stay the same.**

#### [MODIFY] [authController.js](file:///Users/raj/Desktop/Client_project/Hospital_Management/server/controllers/authController.js)
#### [MODIFY] [appointmentController.js](file:///Users/raj/Desktop/Client_project/Hospital_Management/server/controllers/appointmentController.js)
#### [MODIFY] [bedController.js](file:///Users/raj/Desktop/Client_project/Hospital_Management/server/controllers/bedController.js)
#### [MODIFY] [billingController.js](file:///Users/raj/Desktop/Client_project/Hospital_Management/server/controllers/billingController.js)
#### [MODIFY] [doctorController.js](file:///Users/raj/Desktop/Client_project/Hospital_Management/server/controllers/doctorController.js)
#### [MODIFY] [labController.js](file:///Users/raj/Desktop/Client_project/Hospital_Management/server/controllers/labController.js)
#### [MODIFY] [medicalRecordController.js](file:///Users/raj/Desktop/Client_project/Hospital_Management/server/controllers/medicalRecordController.js)
#### [MODIFY] [patientController.js](file:///Users/raj/Desktop/Client_project/Hospital_Management/server/controllers/patientController.js)
#### [MODIFY] [pharmacyController.js](file:///Users/raj/Desktop/Client_project/Hospital_Management/server/controllers/pharmacyController.js)
#### [MODIFY] [reportController.js](file:///Users/raj/Desktop/Client_project/Hospital_Management/server/controllers/reportController.js)
#### [MODIFY] [staffController.js](file:///Users/raj/Desktop/Client_project/Hospital_Management/server/controllers/staffController.js)

---

### Seed Script

#### [MODIFY] [seed.js](file:///Users/raj/Desktop/Client_project/Hospital_Management/database/seed.js)
- Rewrite to use Mongoose models instead of raw MySQL queries
- Same seed data (users, doctors, patients, departments, medicines, beds, etc.)
- Use `mongoose.connect()` instead of `mysql.createConnection()`

---

### Routes (No Changes)
All 11 route files remain **unchanged** — they only define route paths and call controller methods. No database-specific code exists in routes.

### Middleware (No Changes)
Auth middleware and role-check middleware remain **unchanged** — they use JWT, not database queries.

---

## Open Questions

> [!IMPORTANT]
> 1. **MongoDB Location**: Are you running MongoDB locally (`mongodb://localhost:27017`) or do you want to use MongoDB Atlas (cloud)? 
> 2. **Data Migration**: Do you need the existing MySQL data migrated, or is a fresh seed sufficient?

## Verification Plan

### Automated Tests
1. Run `npm install` to verify mongoose installs correctly
2. Run `node ../database/seed.js` to verify seeding works
3. Start the server with `npm run dev` and test `/api/health` endpoint
4. Test login via `POST /api/auth/login` with seeded credentials

### Manual Verification
- Start the server and verify all API routes respond correctly
- Test full login → dashboard flow from the frontend
